
Microsoft Visual Studio Solution File, Format Version 12.00
# Visual Studio 2015
Project("{FAE04EC0-301F-11D3-BF4B-00C04F79EFBC}") = "Game_horadedormir.CSharp.Plugins", "Game_horadedormir.CSharp.Plugins.csproj", "{0BBD4D56-F9F2-33C6-F0E1-C131B5A970D7}"
EndProject
Project("{FAE04EC0-301F-11D3-BF4B-00C04F79EFBC}") = "Game_horadedormir.CSharp", "Game_horadedormir.CSharp.csproj", "{D68A6C13-9047-908E-5BBB-F5978A15049C}"
EndProject
Project("{FAE04EC0-301F-11D3-BF4B-00C04F79EFBC}") = "Game_horadedormir.CSharp.Editor.Plugins", "Game_horadedormir.CSharp.Editor.Plugins.csproj", "{4E365FF7-A210-4A4E-7469-597D325AD07C}"
EndProject
Global
	GlobalSection(SolutionConfigurationPlatforms) = preSolution
		Debug|Any CPU = Debug|Any CPU
		Release|Any CPU = Release|Any CPU
	EndGlobalSection
	GlobalSection(ProjectConfigurationPlatforms) = postSolution
		{0BBD4D56-F9F2-33C6-F0E1-C131B5A970D7}.Debug|Any CPU.ActiveCfg = Debug|Any CPU
		{0BBD4D56-F9F2-33C6-F0E1-C131B5A970D7}.Debug|Any CPU.Build.0 = Debug|Any CPU
		{0BBD4D56-F9F2-33C6-F0E1-C131B5A970D7}.Release|Any CPU.ActiveCfg = Release|Any CPU
		{0BBD4D56-F9F2-33C6-F0E1-C131B5A970D7}.Release|Any CPU.Build.0 = Release|Any CPU
		{D68A6C13-9047-908E-5BBB-F5978A15049C}.Debug|Any CPU.ActiveCfg = Debug|Any CPU
		{D68A6C13-9047-908E-5BBB-F5978A15049C}.Debug|Any CPU.Build.0 = Debug|Any CPU
		{D68A6C13-9047-908E-5BBB-F5978A15049C}.Release|Any CPU.ActiveCfg = Release|Any CPU
		{D68A6C13-9047-908E-5BBB-F5978A15049C}.Release|Any CPU.Build.0 = Release|Any CPU
		{4E365FF7-A210-4A4E-7469-597D325AD07C}.Debug|Any CPU.ActiveCfg = Debug|Any CPU
		{4E365FF7-A210-4A4E-7469-597D325AD07C}.Debug|Any CPU.Build.0 = Debug|Any CPU
		{4E365FF7-A210-4A4E-7469-597D325AD07C}.Release|Any CPU.ActiveCfg = Release|Any CPU
		{4E365FF7-A210-4A4E-7469-597D325AD07C}.Release|Any CPU.Build.0 = Release|Any CPU
	EndGlobalSection
	GlobalSection(SolutionProperties) = preSolution
		HideSolutionNode = FALSE
	EndGlobalSection
EndGlobal
